// !$*UTF8*$!
{
	archiveVersion = 1;
	classes = {
	};
	objectVersion = 51;
	objects = {

/* Begin PBXBuildFile section */
		9F823B8726F1B2EC0018D83A /* AppDelegate.swift in Sources */ = {isa = PBXBuildFile; fileRef = 9F823B8626F1B2EC0018D83A /* AppDelegate.swift */; };
		9F823B8926F1B2EC0018D83A /* SceneDelegate.swift in Sources */ = {isa = PBXBuildFile; fileRef = 9F823B8826F1B2EC0018D83A /* SceneDelegate.swift */; };
		9F823B8B26F1B2EC0018D83A /* ViewController.swift in Sources */ = {isa = PBXBuildFile; fileRef = 9F823B8A26F1B2EC0018D83A /* ViewController.swift */; };
		9F823B8E26F1B2ED0018D83A /* Main.storyboard in Resources */ = {isa = PBXBuildFile; fileRef = 9F823B8C26F1B2ED0018D83A /* Main.storyboard */; };
		9F823B9026F1B3060018D83A /* Assets.xcassets in Resources */ = {isa = PBXBuildFile; fileRef = 9F823B8F26F1B3060018D83A /* Assets.xcassets */; };
		9F823B9326F1B3060018D83A /* LaunchScreen.storyboard in Resources */ = {isa = PBXBuildFile; fileRef = 9F823B9126F1B3060018D83A /* LaunchScreen.storyboard */; };
		9FEBB62126F286F800F4C58B /* Lato-Black.ttf in Resources */ = {isa = PBXBuildFile; fileRef = 9F823BA726F1ED860018D83A /* Lato-Black.ttf */; };
		9FEBB62326F286FB00F4C58B /* Lato-BlackItalic.ttf in Resources */ = {isa = PBXBuildFile; fileRef = 9F823BA326F1ED860018D83A /* Lato-BlackItalic.ttf */; };
		9FEBB62526F286FF00F4C58B /* Lato-Bold.ttf in Resources */ = {isa = PBXBuildFile; fileRef = 9F823BA426F1ED860018D83A /* Lato-Bold.ttf */; };
		9FEBB62726F2870600F4C58B /* Lato-BoldItalic.ttf in Resources */ = {isa = PBXBuildFile; fileRef = 9F823BA226F1ED850018D83A /* Lato-BoldItalic.ttf */; };
		9FEBB62926F2870800F4C58B /* Lato-Italic.ttf in Resources */ = {isa = PBXBuildFile; fileRef = 9F823BA826F1ED860018D83A /* Lato-Italic.ttf */; };
		9FEBB62B26F2870C00F4C58B /* Lato-Light.ttf in Resources */ = {isa = PBXBuildFile; fileRef = 9F823BA026F1ED850018D83A /* Lato-Light.ttf */; };
		9FEBB62D26F2870E00F4C58B /* Lato-LightItalic.ttf in Resources */ = {isa = PBXBuildFile; fileRef = 9F823BA526F1ED860018D83A /* Lato-LightItalic.ttf */; };
		9FEBB62F26F2871200F4C58B /* Lato-Regular.ttf in Resources */ = {isa = PBXBuildFile; fileRef = 9F823BA126F1ED850018D83A /* Lato-Regular.ttf */; };
		9FEBB63126F2871500F4C58B /* Lato-Thin.ttf in Resources */ = {isa = PBXBuildFile; fileRef = 9F823B9F26F1ED840018D83A /* Lato-Thin.ttf */; };
		9FEBB63326F2871800F4C58B /* Lato-ThinItalic.ttf in Resources */ = {isa = PBXBuildFile; fileRef = 9F823BA626F1ED860018D83A /* Lato-ThinItalic.ttf */; };
		D4003CDC89618805D1E6B5B2 /* Pods_NewMeetingScreen.framework in Frameworks */ = {isa = PBXBuildFile; fileRef = 573278B0761249F63324F8AA /* Pods_NewMeetingScreen.framework */; };
/* End PBXBuildFile section */

/* Begin PBXFileReference section */
		247A7D9703DD4567D6575244 /* Pods-NewMeetingScreen.release.xcconfig */ = {isa = PBXFileReference; includeInIndex = 1; lastKnownFileType = text.xcconfig; name = "Pods-NewMeetingScreen.release.xcconfig"; path = "Target Support Files/Pods-NewMeetingScreen/Pods-NewMeetingScreen.release.xcconfig"; sourceTree = "<group>"; };
		573278B0761249F63324F8AA /* Pods_NewMeetingScreen.framework */ = {isa = PBXFileReference; explicitFileType = wrapper.framework; includeInIndex = 0; path = Pods_NewMeetingScreen.framework; sourceTree = BUILT_PRODUCTS_DIR; };
		9F823B8326F1B2EC0018D83A /* NewMeetingScreen.app */ = {isa = PBXFileReference; explicitFileType = wrapper.application; includeInIndex = 0; path = NewMeetingScreen.app; sourceTree = BUILT_PRODUCTS_DIR; };
		9F823B8626F1B2EC0018D83A /* AppDelegate.swift */ = {isa = PBXFileReference; lastKnownFileType = sourcecode.swift; path = AppDelegate.swift; sourceTree = "<group>"; };
		9F823B8826F1B2EC0018D83A /* SceneDelegate.swift */ = {isa = PBXFileReference; lastKnownFileType = sourcecode.swift; path = SceneDelegate.swift; sourceTree = "<group>"; };
		9F823B8A26F1B2EC0018D83A /* ViewController.swift */ = {isa = PBXFileReference; lastKnownFileType = sourcecode.swift; path = ViewController.swift; sourceTree = "<group>"; };
		9F823B8D26F1B2ED0018D83A /* Base */ = {isa = PBXFileReference; lastKnownFileType = file.storyboard; name = Base; path = Base.lproj/Main.storyboard; sourceTree = "<group>"; };
		9F823B8F26F1B3060018D83A /* Assets.xcassets */ = {isa = PBXFileReference; lastKnownFileType = folder.assetcatalog; path = Assets.xcassets; sourceTree = "<group>"; };
		9F823B9226F1B3060018D83A /* Base */ = {isa = PBXFileReference; lastKnownFileType = file.storyboard; name = Base; path = Base.lproj/LaunchScreen.storyboard; sourceTree = "<group>"; };
		9F823B9426F1B3060018D83A /* Info.plist */ = {isa = PBXFileReference; lastKnownFileType = text.plist.xml; path = Info.plist; sourceTree = "<group>"; };
		9F823B9F26F1ED840018D83A /* Lato-Thin.ttf */ = {isa = PBXFileReference; lastKnownFileType = file; path = "Lato-Thin.ttf"; sourceTree = "<group>"; };
		9F823BA026F1ED850018D83A /* Lato-Light.ttf */ = {isa = PBXFileReference; lastKnownFileType = file; path = "Lato-Light.ttf"; sourceTree = "<group>"; };
		9F823BA126F1ED850018D83A /* Lato-Regular.ttf */ = {isa = PBXFileReference; lastKnownFileType = file; path = "Lato-Regular.ttf"; sourceTree = "<group>"; };
		9F823BA226F1ED850018D83A /* Lato-BoldItalic.ttf */ = {isa = PBXFileReference; lastKnownFileType = file; path = "Lato-BoldItalic.ttf"; sourceTree = "<group>"; };
		9F823BA326F1ED860018D83A /* Lato-BlackItalic.ttf */ = {isa = PBXFileReference; lastKnownFileType = file; path = "Lato-BlackItalic.ttf"; sourceTree = "<group>"; };
		9F823BA426F1ED860018D83A /* Lato-Bold.ttf */ = {isa = PBXFileReference; lastKnownFileType = file; path = "Lato-Bold.ttf"; sourceTree = "<group>"; };
		9F823BA526F1ED860018D83A /* Lato-LightItalic.ttf */ = {isa = PBXFileReference; lastKnownFileType = file; path = "Lato-LightItalic.ttf"; sourceTree = "<group>"; };
		9F823BA626F1ED860018D83A /* Lato-ThinItalic.ttf */ = {isa = PBXFileReference; lastKnownFileType = file; path = "Lato-ThinItalic.ttf"; sourceTree = "<group>"; };
		9F823BA726F1ED860018D83A /* Lato-Black.ttf */ = {isa = PBXFileReference; lastKnownFileType = file; path = "Lato-Black.ttf"; sourceTree = "<group>"; };
		9F823BA826F1ED860018D83A /* Lato-Italic.ttf */ = {isa = PBXFileReference; lastKnownFileType = file; path = "Lato-Italic.ttf"; sourceTree = "<group>"; };
		F3C77D66C5776029E1655A1F /* Pods-NewMeetingScreen.debug.xcconfig */ = {isa = PBXFileReference; includeInIndex = 1; lastKnownFileType = text.xcconfig; name = "Pods-NewMeetingScreen.debug.xcconfig"; path = "Target Support Files/Pods-NewMeetingScreen/Pods-NewMeetingScreen.debug.xcconfig"; sourceTree = "<group>"; };
/* End PBXFileReference section */

/* Begin PBXFrameworksBuildPhase section */
		9F823B8026F1B2EC0018D83A /* Frameworks */ = {
			isa = PBXFrameworksBuildPhase;
			buildActionMask = 2147483647;
			files = (
				D4003CDC89618805D1E6B5B2 /* Pods_NewMeetingScreen.framework in Frameworks */,
			);
			runOnlyForDeploymentPostprocessing = 0;
		};
/* End PBXFrameworksBuildPhase section */

/* Begin PBXGroup section */
		36B729E4FAC7CF6189FD78E8 /* Frameworks */ = {
			isa = PBXGroup;
			children = (
				573278B0761249F63324F8AA /* Pods_NewMeetingScreen.framework */,
			);
			name = Frameworks;
			sourceTree = "<group>";
		};
		70AC88F57C7852664FE836D7 /* Pods */ = {
			isa = PBXGroup;
			children = (
				F3C77D66C5776029E1655A1F /* Pods-NewMeetingScreen.debug.xcconfig */,
				247A7D9703DD4567D6575244 /* Pods-NewMeetingScreen.release.xcconfig */,
			);
			path = Pods;
			sourceTree = "<group>";
		};
		9F823B7A26F1B2EC0018D83A = {
			isa = PBXGroup;
			children = (
				9F823B8526F1B2EC0018D83A /* NewMeetingScreen */,
				9F823B8426F1B2EC0018D83A /* Products */,
				70AC88F57C7852664FE836D7 /* Pods */,
				36B729E4FAC7CF6189FD78E8 /* Frameworks */,
			);
			sourceTree = "<group>";
		};
		9F823B8426F1B2EC0018D83A /* Products */ = {
			isa = PBXGroup;
			children = (
				9F823B8326F1B2EC0018D83A /* NewMeetingScreen.app */,
			);
			name = Products;
			sourceTree = "<group>";
		};
		9F823B8526F1B2EC0018D83A /* NewMeetingScreen */ = {
			isa = PBXGroup;
			children = (
				9F823B9E26F1ED6E0018D83A /* Fonts */,
				9F823B8626F1B2EC0018D83A /* AppDelegate.swift */,
				9F823B8826F1B2EC0018D83A /* SceneDelegate.swift */,
				9F823B8A26F1B2EC0018D83A /* ViewController.swift */,
				9F823B8C26F1B2ED0018D83A /* Main.storyboard */,
				9F823B8F26F1B3060018D83A /* Assets.xcassets */,
				9F823B9126F1B3060018D83A /* LaunchScreen.storyboard */,
				9F823B9426F1B3060018D83A /* Info.plist */,
			);
			path = NewMeetingScreen;
			sourceTree = "<group>";
		};
		9F823B9E26F1ED6E0018D83A /* Fonts */ = {
			isa = PBXGroup;
			children = (
				9F823BA726F1ED860018D83A /* Lato-Black.ttf */,
				9F823BA326F1ED860018D83A /* Lato-BlackItalic.ttf */,
				9F823BA426F1ED860018D83A /* Lato-Bold.ttf */,
				9F823BA226F1ED850018D83A /* Lato-BoldItalic.ttf */,
				9F823BA826F1ED860018D83A /* Lato-Italic.ttf */,
				9F823BA026F1ED850018D83A /* Lato-Light.ttf */,
				9F823BA526F1ED860018D83A /* Lato-LightItalic.ttf */,
				9F823BA126F1ED850018D83A /* Lato-Regular.ttf */,
				9F823B9F26F1ED840018D83A /* Lato-Thin.ttf */,
				9F823BA626F1ED860018D83A /* Lato-ThinItalic.ttf */,
			);
			path = Fonts;
			sourceTree = "<group>";
		};
/* End PBXGroup section */

/* Begin PBXNativeTarget section */
		9F823B8226F1B2EC0018D83A /* NewMeetingScreen */ = {
			isa = PBXNativeTarget;
			buildConfigurationList = 9F823B9726F1B3060018D83A /* Build configuration list for PBXNativeTarget "NewMeetingScreen" */;
			buildPhases = (
				5970398E382A3F0FAAD8079D /* [CP] Check Pods Manifest.lock */,
				9F823B7F26F1B2EC0018D83A /* Sources */,
				9F823B8026F1B2EC0018D83A /* Frameworks */,
				9F823B8126F1B2EC0018D83A /* Resources */,
				726E072860A5BF2EDDEE9D85 /* [CP] Embed Pods Frameworks */,
			);
			buildRules = (
			);
			dependencies = (
			);
			name = NewMeetingScreen;
			productName = NewMeetingScreen;
			productReference = 9F823B8326F1B2EC0018D83A /* NewMeetingScreen.app */;
			productType = "com.apple.product-type.application";
		};
/* End PBXNativeTarget section */

/* Begin PBXProject section */
		9F823B7B26F1B2EC0018D83A /* Project object */ = {
			isa = PBXProject;
			attributes = {
				LastSwiftUpdateCheck = 1240;
				LastUpgradeCheck = 1240;
				TargetAttributes = {
					9F823B8226F1B2EC0018D83A = {
						CreatedOnToolsVersion = 12.4;
					};
				};
			};
			buildConfigurationList = 9F823B7E26F1B2EC0018D83A /* Build configuration list for PBXProject "NewMeetingScreen" */;
			compatibilityVersion = "Xcode 9.3";
			developmentRegion = en;
			hasScannedForEncodings = 0;
			knownRegions = (
				en,
				Base,
			);
			mainGroup = 9F823B7A26F1B2EC0018D83A;
			productRefGroup = 9F823B8426F1B2EC0018D83A /* Products */;
			projectDirPath = "";
			projectRoot = "";
			targets = (
				9F823B8226F1B2EC0018D83A /* NewMeetingScreen */,
			);
		};
/* End PBXProject section */

/* Begin PBXResourcesBuildPhase section */
		9F823B8126F1B2EC0018D83A /* Resources */ = {
			isa = PBXResourcesBuildPhase;
			buildActionMask = 2147483647;
			files = (
				9FEBB62126F286F800F4C58B /* Lato-Black.ttf in Resources */,
				9FEBB63126F2871500F4C58B /* Lato-Thin.ttf in Resources */,
				9FEBB62D26F2870E00F4C58B /* Lato-LightItalic.ttf in Resources */,
				9FEBB62526F286FF00F4C58B /* Lato-Bold.ttf in Resources */,
				9F823B9326F1B3060018D83A /* LaunchScreen.storyboard in Resources */,
				9FEBB62B26F2870C00F4C58B /* Lato-Light.ttf in Resources */,
				9FEBB62326F286FB00F4C58B /* Lato-BlackItalic.ttf in Resources */,
				9F823B9026F1B3060018D83A /* Assets.xcassets in Resources */,
				9FEBB62726F2870600F4C58B /* Lato-BoldItalic.ttf in Resources */,
				9FEBB62926F2870800F4C58B /* Lato-Italic.ttf in Resources */,
				9F823B8E26F1B2ED0018D83A /* Main.storyboard in Resources */,
				9FEBB63326F2871800F4C58B /* Lato-ThinItalic.ttf in Resources */,
				9FEBB62F26F2871200F4C58B /* Lato-Regular.ttf in Resources */,
			);
			runOnlyForDeploymentPostprocessing = 0;
		};
/* End PBXResourcesBuildPhase section */

/* Begin PBXShellScriptBuildPhase section */
		5970398E382A3F0FAAD8079D /* [CP] Check Pods Manifest.lock */ = {
			isa = PBXShellScriptBuildPhase;
			buildActionMask = 2147483647;
			files = (
			);
			inputFileListPaths = (
			);
			inputPaths = (
				"${PODS_PODFILE_DIR_PATH}/Podfile.lock",
				"${PODS_ROOT}/Manifest.lock",
			);
			name = "[CP] Check Pods Manifest.lock";
			outputFileListPaths = (
			);
			outputPaths = (
				"$(DERIVED_FILE_DIR)/Pods-NewMeetingScreen-checkManifestLockResult.txt",
			);
			runOnlyForDeploymentPostprocessing = 0;
			shellPath = /bin/sh;
			shellScript = "diff \"${PODS_PODFILE_DIR_PATH}/Podfile.lock\" \"${PODS_ROOT}/Manifest.lock\" > /dev/null\nif [ $? != 0 ] ; then\n    # print error to STDERR\n    echo \"error: The sandbox is not in sync with the Podfile.lock. Run 'pod install' or update your CocoaPods installation.\" >&2\n    exit 1\nfi\n# This output is used by Xcode 'outputs' to avoid re-running this script phase.\necho \"SUCCESS\" > \"${SCRIPT_OUTPUT_FILE_0}\"\n";
			showEnvVarsInLog = 0;
		};
		726E072860A5BF2EDDEE9D85 /* [CP] Embed Pods Frameworks */ = {
			isa = PBXShellScriptBuildPhase;
			buildActionMask = 2147483647;
			files = (
			);
			inputFileListPaths = (
				"${PODS_ROOT}/Target Support Files/Pods-NewMeetingScreen/Pods-NewMeetingScreen-frameworks-${CONFIGURATION}-input-files.xcfilelist",
			);
			name = "[CP] Embed Pods Frameworks";
			outputFileListPaths = (
				"${PODS_ROOT}/Target Support Files/Pods-NewMeetingScreen/Pods-NewMeetingScreen-frameworks-${CONFIGURATION}-output-files.xcfilelist",
			);
			runOnlyForDeploymentPostprocessing = 0;
			shellPath = /bin/sh;
			shellScript = "\"${PODS_ROOT}/Target Support Files/Pods-NewMeetingScreen/Pods-NewMeetingScreen-frameworks.sh\"\n";
			showEnvVarsInLog = 0;
		};
/* End PBXShellScriptBuildPhase section */

/* Begin PBXSourcesBuildPhase section */
		9F823B7F26F1B2EC0018D83A /* Sources */ = {
			isa = PBXSourcesBuildPhase;
			buildActionMask = 2147483647;
			files = (
				9F823B8B26F1B2EC0018D83A /* ViewController.swift in Sources */,
				9F823B8726F1B2EC0018D83A /* AppDelegate.swift in Sources */,
				9F823B8926F1B2EC0018D83A /* SceneDelegate.swift in Sources */,
			);
			runOnlyForDeploymentPostprocessing = 0;
		};
/* End PBXSourcesBuildPhase section */

/* Begin PBXVariantGroup section */
		9F823B8C26F1B2ED0018D83A /* Main.storyboard */ = {
			isa = PBXVariantGroup;
			children = (
				9F823B8D26F1B2ED0018D83A /* Base */,
			);
			name = Main.storyboard;
			sourceTree = "<group>";
		};
		9F823B9126F1B3060018D83A /* LaunchScreen.storyboard */ = {
			isa = PBXVariantGroup;
			children = (
				9F823B9226F1B3060018D83A /* Base */,
			);
			name = LaunchScreen.storyboard;
			sourceTree = "<group>";
		};
/* End PBXVariantGroup section */

/* Begin XCBuildConfiguration section */
		9F823B9526F1B3060018D83A /* Debug */ = {
			isa = XCBuildConfiguration;
			buildSettings = {
				ALWAYS_SEARCH_USER_PATHS = NO;
				CLANG_ANALYZER_NONNULL = YES;
				CLANG_ANALYZER_NUMBER_OBJECT_CONVERSION = YES_AGGRESSIVE;
				CLANG_CXX_LANGUAGE_STANDARD = "gnu++14";
				CLANG_CXX_LIBRARY = "libc++";
				CLANG_ENABLE_MODULES = YES;
				CLANG_ENABLE_OBJC_ARC = YES;
				CLANG_ENABLE_OBJC_WEAK = YES;
				CLANG_WARN_BLOCK_CAPTURE_AUTORELEASING = YES;
				CLANG_WARN_BOOL_CONVERSION = YES;
				CLANG_WARN_COMMA = YES;
				CLANG_WARN_CONSTANT_CONVERSION = YES;
				CLANG_WARN_DEPRECATED_OBJC_IMPLEMENTATIONS = YES;
				CLANG_WARN_DIRECT_OBJC_ISA_USAGE = YES_ERROR;
				CLANG_WARN_DOCUMENTATION_COMMENTS = YES;
				CLANG_WARN_EMPTY_BODY = YES;
				CLANG_WARN_ENUM_CONVERSION = YES;
				CLANG_WARN_INFINITE_RECURSION = YES;
				CLANG_WARN_INT_CONVERSION = YES;
				CLANG_WARN_NON_LITERAL_NULL_CONVERSION = YES;
				CLANG_WARN_OBJC_IMPLICIT_RETAIN_SELF = YES;
				CLANG_WARN_OBJC_LITERAL_CONVERSION = YES;
				CLANG_WARN_OBJC_ROOT_CLASS = YES_ERROR;
				CLANG_WARN_QUOTED_INCLUDE_IN_FRAMEWORK_HEADER = YES;
				CLANG_WARN_RANGE_LOOP_ANALYSIS = YES;
				CLANG_WARN_STRICT_PROTOTYPES = YES;
				CLANG_WARN_SUSPICIOUS_MOVE = YES;
				CLANG_WARN_UNGUARDED_AVAILABILITY = YES_AGGRESSIVE;
				CLANG_WARN_UNREACHABLE_CODE = YES;
				CLANG_WARN__DUPLICATE_METHOD_MATCH = YES;
				COPY_PHASE_STRIP = NO;
				DEBUG_INFORMATION_FORMAT = dwarf;
				ENABLE_STRICT_OBJC_MSGSEND = YES;
				ENABLE_TESTABILITY = YES;
				GCC_C_LANGUAGE_STANDARD = gnu11;
				GCC_DYNAMIC_NO_PIC = NO;
				GCC_NO_COMMON_BLOCKS = YES;
				GCC_OPTIMIZATION_LEVEL = 0;
				GCC_PREPROCESSOR_DEFINITIONS = (
					"DEBUG=1",
					"$(inherited)",
				);
				GCC_WARN_64_TO_32_BIT_CONVERSION = YES;
				GCC_WARN_ABOUT_RETURN_TYPE = YES_ERROR;
				GCC_WARN_UNDECLARED_SELECTOR = YES;
				GCC_WARN_UNINITIALIZED_AUTOS = YES_AGGRESSIVE;
				GCC_WARN_UNUSED_FUNCTION = YES;
				GCC_WARN_UNUSED_VARIABLE = YES;
				IPHONEOS_DEPLOYMENT_TARGET = 14.4;
				MTL_ENABLE_DEBUG_INFO = INCLUDE_SOURCE;
				MTL_FAST_MATH = YES;
				ONLY_ACTIVE_ARCH = YES;
				SDKROOT = iphoneos;
				SWIFT_ACTIVE_COMPILATION_CONDITIONS = DEBUG;
				SWIFT_OPTIMIZATION_LEVEL = "-Onone";
			};
			name = Debug;
		};
		9F823B9626F1B3060018D83A /* Release */ = {
			isa = XCBuildConfiguration;
			buildSettings = {
				ALWAYS_SEARCH_USER_PATHS = NO;
				CLANG_ANALYZER_NONNULL = YES;
				CLANG_ANALYZER_NUMBER_OBJECT_CONVERSION = YES_AGGRESSIVE;
				CLANG_CXX_LANGUAGE_STANDARD = "gnu++14";
				CLANG_CXX_LIBRARY = "libc++";
				CLANG_ENABLE_MODULES = YES;
				CLANG_ENABLE_OBJC_ARC = YES;
				CLANG_ENABLE_OBJC_WEAK = YES;
				CLANG_WARN_BLOCK_CAPTURE_AUTORELEASING = YES;
				CLANG_WARN_BOOL_CONVERSION = YES;
				CLANG_WARN_COMMA = YES;
				CLANG_WARN_CONSTANT_CONVERSION = YES;
				CLANG_WARN_DEPRECATED_OBJC_IMPLEMENTATIONS = YES;
				CLANG_WARN_DIRECT_OBJC_ISA_USAGE = YES_ERROR;
				CLANG_WARN_DOCUMENTATION_COMMENTS = YES;
				CLANG_WARN_EMPTY_BODY = YES;
				CLANG_WARN_ENUM_CONVERSION = YES;
				CLANG_WARN_INFINITE_RECURSION = YES;
				CLANG_WARN_INT_CONVERSION = YES;
				CLANG_WARN_NON_LITERAL_NULL_CONVERSION = YES;
				CLANG_WARN_OBJC_IMPLICIT_RETAIN_SELF = YES;
				CLANG_WARN_OBJC_LITERAL_CONVERSION = YES;
				CLANG_WARN_OBJC_ROOT_CLASS = YES_ERROR;
				CLANG_WARN_QUOTED_INCLUDE_IN_FRAMEWORK_HEADER = YES;
				CLANG_WARN_RANGE_LOOP_ANALYSIS = YES;
				CLANG_WARN_STRICT_PROTOTYPES = YES;
				CLANG_WARN_SUSPICIOUS_MOVE = YES;
				CLANG_WARN_UNGUARDED_AVAILABILITY = YES_AGGRESSIVE;
				CLANG_WARN_UNREACHABLE_CODE = YES;
				CLANG_WARN__DUPLICATE_METHOD_MATCH = YES;
				COPY_PHASE_STRIP = NO;
				DEBUG_INFORMATION_FORMAT = "dwarf-with-dsym";
				ENABLE_NS_ASSERTIONS = NO;
				ENABLE_STRICT_OBJC_MSGSEND = YES;
				GCC_C_LANGUAGE_STANDARD = gnu11;
				GCC_NO_COMMON_BLOCKS = YES;
				GCC_WARN_64_TO_32_BIT_CONVERSION = YES;
				GCC_WARN_ABOUT_RETURN_TYPE = YES_ERROR;
				GCC_WARN_UNDECLARED_SELECTOR = YES;
				GCC_WARN_UNINITIALIZED_AUTOS = YES_AGGRESSIVE;
				GCC_WARN_UNUSED_FUNCTION = YES;
				GCC_WARN_UNUSED_VARIABLE = YES;
				IPHONEOS_DEPLOYMENT_TARGET = 14.4;
				MTL_ENABLE_DEBUG_INFO = NO;
				MTL_FAST_MATH = YES;
				SDKROOT = iphoneos;
				SWIFT_COMPILATION_MODE = wholemodule;
				SWIFT_OPTIMIZATION_LEVEL = "-O";
				VALIDATE_PRODUCT = YES;
			};
			name = Release;
		};
		9F823B9826F1B3060018D83A /* Debug */ = {
			isa = XCBuildConfiguration;
			baseConfigurationReference = F3C77D66C5776029E1655A1F /* Pods-NewMeetingScreen.debug.xcconfig */;
			buildSettings = {
				ASSETCATALOG_COMPILER_APPICON_NAME = AppIcon;
				ASSETCATALOG_COMPILER_GLOBAL_ACCENT_COLOR_NAME = AccentColor;
				CODE_SIGN_STYLE = Automatic;
				DEVELOPMENT_TEAM = B48NJV8578;
				INFOPLIST_FILE = NewMeetingScreen/Info.plist;
				IPHONEOS_DEPLOYMENT_TARGET = 9.0;
				LD_RUNPATH_SEARCH_PATHS = (
					"$(inherited)",
					"@executable_path/Frameworks",
				);
				PRODUCT_BUNDLE_IDENTIFIER = com.krify.sampleDemo.NewMeetingScreen;
				PRODUCT_NAME = "$(TARGET_NAME)";
				SWIFT_VERSION = 5.0;
				TARGETED_DEVICE_FAMILY = 1;
			};
			name = Debug;
		};
		9F823B9926F1B3060018D83A /* Release */ = {
			isa = XCBuildConfiguration;
			baseConfigurationReference = 247A7D9703DD4567D6575244 /* Pods-NewMeetingScreen.release.xcconfig */;
			buildSettings = {
				ASSETCATALOG_COMPILER_APPICON_NAME = AppIcon;
				ASSETCATALOG_COMPILER_GLOBAL_ACCENT_COLOR_NAME = AccentColor;
				CODE_SIGN_STYLE = Automatic;
				DEVELOPMENT_TEAM = B48NJV8578;
				INFOPLIST_FILE = NewMeetingScreen/Info.plist;
				IPHONEOS_DEPLOYMENT_TARGET = 9.0;
				LD_RUNPATH_SEARCH_PATHS = (
					"$(inherited)",
					"@executable_path/Frameworks",
				);
				PRODUCT_BUNDLE_IDENTIFIER = com.krify.sampleDemo.NewMeetingScreen;
				PRODUCT_NAME = "$(TARGET_NAME)";
				SWIFT_VERSION = 5.0;
				TARGETED_DEVICE_FAMILY = 1;
			};
			name = Release;
		};
/* End XCBuildConfiguration section */

/* Begin XCConfigurationList section */
		9F823B7E26F1B2EC0018D83A /* Build configuration list for PBXProject "NewMeetingScreen" */ = {
			isa = XCConfigurationList;
			buildConfigurations = (
				9F823B9526F1B3060018D83A /* Debug */,
				9F823B9626F1B3060018D83A /* Release */,
			);
			defaultConfigurationIsVisible = 0;
			defaultConfigurationName = Release;
		};
		9F823B9726F1B3060018D83A /* Build configuration list for PBXNativeTarget "NewMeetingScreen" */ = {
			isa = XCConfigurationList;
			buildConfigurations = (
				9F823B9826F1B3060018D83A /* Debug */,
				9F823B9926F1B3060018D83A /* Release */,
			);
			defaultConfigurationIsVisible = 0;
			defaultConfigurationName = Release;
		};
/* End XCConfigurationList section */
	};
	rootObject = 9F823B7B26F1B2EC0018D83A /* Project object */;
}
